Microsoft Visual Studio Solution File, Format Version 12.00
# Visual Studio Version 17
VisualStudioVersion = 17.5.2.0
MinimumVisualStudioVersion = 10.0.40219.1
Project("{2150E333-8FDC-42A3-9474-1A3956D46DE8}") = "engine", "engine", "{D585295F-7994-3649-1065-7AA403C41681}"
EndProject
Project("{FAE04EC0-301F-11D3-BF4B-00C04F79EFBC}") = "GhostEngine", "engine\GhostEngine.csproj", "{AB3A641E-C146-C624-B013-53932D4FAD90}"
EndProject
Global
	GlobalSection(SolutionConfigurationPlatforms) = preSolution
		Debug|Any CPU = Debug|Any CPU
		Release|Any CPU = Release|Any CPU
	EndGlobalSection
	GlobalSection(ProjectConfigurationPlatforms) = postSolution
		{AB3A641E-C146-C624-B013-53932D4FAD90}.Debug|Any CPU.ActiveCfg = Debug|Any CPU
		{AB3A641E-C146-C624-B013-53932D4FAD90}.Debug|Any CPU.Build.0 = Debug|Any CPU
		{AB3A641E-C146-C624-B013-53932D4FAD90}.Release|Any CPU.ActiveCfg = Release|Any CPU
		{AB3A641E-C146-C624-B013-53932D4FAD90}.Release|Any CPU.Build.0 = Release|Any CPU
	EndGlobalSection
	GlobalSection(SolutionProperties) = preSolution
		HideSolutionNode = FALSE
	EndGlobalSection
	GlobalSection(NestedProjects) = preSolution
		{AB3A641E-C146-C624-B013-53932D4FAD90} = {D585295F-7994-3649-1065-7AA403C41681}
	EndGlobalSection
	GlobalSection(ExtensibilityGlobals) = postSolution
		SolutionGuid = {F317D769-E371-4E94-93E3-A02A4312AAFF}
	EndGlobalSection
EndGlobal
